// !$*UTF8*$!
{
	archiveVersion = 1;
	classes = {
	};
	objectVersion = 46;
	objects = {

/* Begin PBXBuildFile section */
		04790A4B1CF84BE300691E3C /* AppDelegate.swift in Sources */ = {isa = PBXBuildFile; fileRef = 04790A4A1CF84BE300691E3C /* AppDelegate.swift */; };
		04790A4D1CF84BE300691E3C /* ViewController.swift in Sources */ = {isa = PBXBuildFile; fileRef = 04790A4C1CF84BE300691E3C /* ViewController.swift */; };
		04790A501CF84BE300691E3C /* Main.storyboard in Resources */ = {isa = PBXBuildFile; fileRef = 04790A4E1CF84BE300691E3C /* Main.storyboard */; };
		04790A521CF84BE300691E3C /* Assets.xcassets in Resources */ = {isa = PBXBuildFile; fileRef = 04790A511CF84BE300691E3C /* Assets.xcassets */; };
		04790A551CF84BE300691E3C /* LaunchScreen.storyboard in Resources */ = {isa = PBXBuildFile; fileRef = 04790A531CF84BE300691E3C /* LaunchScreen.storyboard */; };
		04790A601CF84BE300691E3C /* SuperCoolTests.swift in Sources */ = {isa = PBXBuildFile; fileRef = 04790A5F1CF84BE300691E3C /* SuperCoolTests.swift */; };
		04790A6B1CF84BE300691E3C /* SuperCoolUITests.swift in Sources */ = {isa = PBXBuildFile; fileRef = 04790A6A1CF84BE300691E3C /* SuperCoolUITests.swift */; };
/* End PBXBuildFile section */

/* Begin PBXContainerItemProxy section */
		04790A5C1CF84BE300691E3C /* PBXContainerItemProxy */ = {
			isa = PBXContainerItemProxy;
			containerPortal = 04790A3F1CF84BE300691E3C /* Project object */;
			proxyType = 1;
			remoteGlobalIDString = 04790A461CF84BE300691E3C;
			remoteInfo = SuperCool;
		};
		04790A671CF84BE300691E3C /* PBXContainerItemProxy */ = {
			isa = PBXContainerItemProxy;
			containerPortal = 04790A3F1CF84BE300691E3C /* Project object */;
			proxyType = 1;
			remoteGlobalIDString = 04790A461CF84BE300691E3C;
			remoteInfo = SuperCool;
		};
/* End PBXContainerItemProxy section */

/* Begin PBXFileReference section */
		04790A471CF84BE300691E3C /* SuperCool.app */ = {isa = PBXFileReference; explicitFileType = wrapper.application; includeInIndex = 0; path = SuperCool.app; sourceTree = BUILT_PRODUCTS_DIR; };
		04790A4A1CF84BE300691E3C /* AppDelegate.swift */ = {isa = PBXFileReference; lastKnownFileType = sourcecode.swift; path = AppDelegate.swift; sourceTree = "<group>"; };
		04790A4C1CF84BE300691E3C /* ViewController.swift */ = {isa = PBXFileReference; lastKnownFileType = sourcecode.swift; path = ViewController.swift; sourceTree = "<group>"; };
		04790A4F1CF84BE300691E3C /* Base */ = {isa = PBXFileReference; lastKnownFileType = file.storyboard; name = Base; path = Base.lproj/Main.storyboard; sourceTree = "<group>"; };
		04790A511CF84BE300691E3C /* Assets.xcassets */ = {isa = PBXFileReference; lastKnownFileType = folder.assetcatalog; path = Assets.xcassets; sourceTree = "<group>"; };
		04790A541CF84BE300691E3C /* Base */ = {isa = PBXFileReference; lastKnownFileType = file.storyboard; name = Base; path = Base.lproj/LaunchScreen.storyboard; sourceTree = "<group>"; };
		04790A561CF84BE300691E3C /* Info.plist */ = {isa = PBXFileReference; lastKnownFileType = text.plist.xml; path = Info.plist; sourceTree = "<group>"; };
		04790A5B1CF84BE300691E3C /* SuperCoolTests.xctest */ = {isa = PBXFileReference; explicitFileType = wrapper.cfbundle; includeInIndex = 0; path = SuperCoolTests.xctest; sourceTree = BUILT_PRODUCTS_DIR; };
		04790A5F1CF84BE300691E3C /* SuperCoolTests.swift */ = {isa = PBXFileReference; lastKnownFileType = sourcecode.swift; path = SuperCoolTests.swift; sourceTree = "<group>"; };
		04790A611CF84BE300691E3C /* Info.plist */ = {isa = PBXFileReference; lastKnownFileType = text.plist.xml; path = Info.plist; sourceTree = "<group>"; };
		04790A661CF84BE300691E3C /* SuperCoolUITests.xctest */ = {isa = PBXFileReference; explicitFileType = wrapper.cfbundle; includeInIndex = 0; path = SuperCoolUITests.xctest; sourceTree = BUILT_PRODUCTS_DIR; };
		04790A6A1CF84BE300691E3C /* SuperCoolUITests.swift */ = {isa = PBXFileReference; lastKnownFileType = sourcecode.swift; path = SuperCoolUITests.swift; sourceTree = "<group>"; };
		04790A6C1CF84BE300691E3C /* Info.plist */ = {isa = PBXFileReference; lastKnownFileType = text.plist.xml; path = Info.plist; sourceTree = "<group>"; };
/* End PBXFileReference section */

/* Begin PBXFrameworksBuildPhase section */
		04790A441CF84BE300691E3C /* Frameworks */ = {
			isa = PBXFrameworksBuildPhase;
			buildActionMask = 2147483647;
			files = (
			);
			runOnlyForDeploymentPostprocessing = 0;
		};
		04790A581CF84BE300691E3C /* Frameworks */ = {
			isa = PBXFrameworksBuildPhase;
			buildActionMask = 2147483647;
			files = (
			);
			runOnlyForDeploymentPostprocessing = 0;
		};
		04790A631CF84BE300691E3C /* Frameworks */ = {
			isa = PBXFrameworksBuildPhase;
			buildActionMask = 2147483647;
			files = (
			);
			runOnlyForDeploymentPostprocessing = 0;
		};
/* End PBXFrameworksBuildPhase section */

/* Begin PBXGroup section */
		04790A3E1CF84BE300691E3C = {
			isa = PBXGroup;
			children = (
				04790A491CF84BE300691E3C /* SuperCool */,
				04790A5E1CF84BE300691E3C /* SuperCoolTests */,
				04790A691CF84BE300691E3C /* SuperCoolUITests */,
				04790A481CF84BE300691E3C /* Products */,
			);
			sourceTree = "<group>";
		};
		04790A481CF84BE300691E3C /* Products */ = {
			isa = PBXGroup;
			children = (
				04790A471CF84BE300691E3C /* SuperCool.app */,
				04790A5B1CF84BE300691E3C /* SuperCoolTests.xctest */,
				04790A661CF84BE300691E3C /* SuperCoolUITests.xctest */,
			);
			name = Products;
			sourceTree = "<group>";
		};
		04790A491CF84BE300691E3C /* SuperCool */ = {
			isa = PBXGroup;
			children = (
				04790A4A1CF84BE300691E3C /* AppDelegate.swift */,
				04790A4C1CF84BE300691E3C /* ViewController.swift */,
				04790A4E1CF84BE300691E3C /* Main.storyboard */,
				04790A511CF84BE300691E3C /* Assets.xcassets */,
				04790A531CF84BE300691E3C /* LaunchScreen.storyboard */,
				04790A561CF84BE300691E3C /* Info.plist */,
			);
			path = SuperCool;
			sourceTree = "<group>";
		};
		04790A5E1CF84BE300691E3C /* SuperCoolTests */ = {
			isa = PBXGroup;
			children = (
				04790A5F1CF84BE300691E3C /* SuperCoolTests.swift */,
				04790A611CF84BE300691E3C /* Info.plist */,
			);
			path = SuperCoolTests;
			sourceTree = "<group>";
		};
		04790A691CF84BE300691E3C /* SuperCoolUITests */ = {
			isa = PBXGroup;
			children = (
				04790A6A1CF84BE300691E3C /* SuperCoolUITests.swift */,
				04790A6C1CF84BE300691E3C /* Info.plist */,
			);
			path = SuperCoolUITests;
			sourceTree = "<group>";
		};
/* End PBXGroup section */

/* Begin PBXNativeTarget section */
		04790A461CF84BE300691E3C /* SuperCool */ = {
			isa = PBXNativeTarget;
			buildConfigurationList = 04790A6F1CF84BE300691E3C /* Build configuration list for PBXNativeTarget "SuperCool" */;
			buildPhases = (
				04790A431CF84BE300691E3C /* Sources */,
				04790A441CF84BE300691E3C /* Frameworks */,
				04790A451CF84BE300691E3C /* Resources */,
			);
			buildRules = (
			);
			dependencies = (
			);
			name = SuperCool;
			productName = SuperCool;
			productReference = 04790A471CF84BE300691E3C /* SuperCool.app */;
			productType = "com.apple.product-type.application";
		};
		04790A5A1CF84BE300691E3C /* SuperCoolTests */ = {
			isa = PBXNativeTarget;
			buildConfigurationList = 04790A721CF84BE300691E3C /* Build configuration list for PBXNativeTarget "SuperCoolTests" */;
			buildPhases = (
				04790A571CF84BE300691E3C /* Sources */,
				04790A581CF84BE300691E3C /* Frameworks */,
				04790A591CF84BE300691E3C /* Resources */,
			);
			buildRules = (
			);
			dependencies = (
				04790A5D1CF84BE300691E3C /* PBXTargetDependency */,
			);
			name = SuperCoolTests;
			productName = SuperCoolTests;
			productReference = 04790A5B1CF84BE300691E3C /* SuperCoolTests.xctest */;
			productType = "com.apple.product-type.bundle.unit-test";
		};
		04790A651CF84BE300691E3C /* SuperCoolUITests */ = {
			isa = PBXNativeTarget;
			buildConfigurationList = 04790A751CF84BE300691E3C /* Build configuration list for PBXNativeTarget "SuperCoolUITests" */;
			buildPhases = (
				04790A621CF84BE300691E3C /* Sources */,
				04790A631CF84BE300691E3C /* Frameworks */,
				04790A641CF84BE300691E3C /* Resources */,
			);
			buildRules = (
			);
			dependencies = (
				04790A681CF84BE300691E3C /* PBXTargetDependency */,
			);
			name = SuperCoolUITests;
			productName = SuperCoolUITests;
			productReference = 04790A661CF84BE300691E3C /* SuperCoolUITests.xctest */;
			productType = "com.apple.product-type.bundle.ui-testing";
		};
/* End PBXNativeTarget section */

/* Begin PBXProject section */
		04790A3F1CF84BE300691E3C /* Project object */ = {
			isa = PBXProject;
			attributes = {
				LastSwiftUpdateCheck = 0730;
				LastUpgradeCheck = 0730;
				ORGANIZATIONNAME = "Nauber Gois";
				TargetAttributes = {
					04790A461CF84BE300691E3C = {
						CreatedOnToolsVersion = 7.3;
					};
					04790A5A1CF84BE300691E3C = {
						CreatedOnToolsVersion = 7.3;
						TestTargetID = 04790A461CF84BE300691E3C;
					};
					04790A651CF84BE300691E3C = {
						CreatedOnToolsVersion = 7.3;
						TestTargetID = 04790A461CF84BE300691E3C;
					};
				};
			};
			buildConfigurationList = 04790A421CF84BE300691E3C /* Build configuration list for PBXProject "SuperCool" */;
			compatibilityVersion = "Xcode 3.2";
			developmentRegion = English;
			hasScannedForEncodings = 0;
			knownRegions = (
				en,
				Base,
			);
			mainGroup = 04790A3E1CF84BE300691E3C;
			productRefGroup = 04790A481CF84BE300691E3C /* Products */;
			projectDirPath = "";
			projectRoot = "";
			targets = (
				04790A461CF84BE300691E3C /* SuperCool */,
				04790A5A1CF84BE300691E3C /* SuperCoolTests */,
				04790A651CF84BE300691E3C /* SuperCoolUITests */,
			);
		};
/* End PBXProject section */

/* Begin PBXResourcesBuildPhase section */
		04790A451CF84BE300691E3C /* Resources */ = {
			isa = PBXResourcesBuildPhase;
			buildActionMask = 2147483647;
			files = (
				04790A551CF84BE300691E3C /* LaunchScreen.storyboard in Resources */,
				04790A521CF84BE300691E3C /* Assets.xcassets in Resources */,
				04790A501CF84BE300691E3C /* Main.storyboard in Resources */,
			);
			runOnlyForDeploymentPostprocessing = 0;
		};
		04790A591CF84BE300691E3C /* Resources */ = {
			isa = PBXResourcesBuildPhase;
			buildActionMask = 2147483647;
			files = (
			);
			runOnlyForDeploymentPostprocessing = 0;
		};
		04790A641CF84BE300691E3C /* Resources */ = {
			isa = PBXResourcesBuildPhase;
			buildActionMask = 2147483647;
			files = (
			);
			runOnlyForDeploymentPostprocessing = 0;
		};
/* End PBXResourcesBuildPhase section */

/* Begin PBXSourcesBuildPhase section */
		04790A431CF84BE300691E3C /* Sources */ = {
			isa = PBXSourcesBuildPhase;
			buildActionMask = 2147483647;
			files = (
				04790A4D1CF84BE300691E3C /* ViewController.swift in Sources */,
				04790A4B1CF84BE300691E3C /* AppDelegate.swift in Sources */,
			);
			runOnlyForDeploymentPostprocessing = 0;
		};
		04790A571CF84BE300691E3C /* Sources */ = {
			isa = PBXSourcesBuildPhase;
			buildActionMask = 2147483647;
			files = (
				04790A601CF84BE300691E3C /* SuperCoolTests.swift in Sources */,
			);
			runOnlyForDeploymentPostprocessing = 0;
		};
		04790A621CF84BE300691E3C /* Sources */ = {
			isa = PBXSourcesBuildPhase;
			buildActionMask = 2147483647;
			files = (
				04790A6B1CF84BE300691E3C /* SuperCoolUITests.swift in Sources */,
			);
			runOnlyForDeploymentPostprocessing = 0;
		};
/* End PBXSourcesBuildPhase section */

/* Begin PBXTargetDependency section */
		04790A5D1CF84BE300691E3C /* PBXTargetDependency */ = {
			isa = PBXTargetDependency;
			target = 04790A461CF84BE300691E3C /* SuperCool */;
			targetProxy = 04790A5C1CF84BE300691E3C /* PBXContainerItemProxy */;
		};
		04790A681CF84BE300691E3C /* PBXTargetDependency */ = {
			isa = PBXTargetDependency;
			target = 04790A461CF84BE300691E3C /* SuperCool */;
			targetProxy = 04790A671CF84BE300691E3C /* PBXContainerItemProxy */;
		};
/* End PBXTargetDependency section */

/* Begin PBXVariantGroup section */
		04790A4E1CF84BE300691E3C /* Main.storyboard */ = {
			isa = PBXVariantGroup;
			children = (
				04790A4F1CF84BE300691E3C /* Base */,
			);
			name = Main.storyboard;
			sourceTree = "<group>";
		};
		04790A531CF84BE300691E3C /* LaunchScreen.storyboard */ = {
			isa = PBXVariantGroup;
			children = (
				04790A541CF84BE300691E3C /* Base */,
			);
			name = LaunchScreen.storyboard;
			sourceTree = "<group>";
		};
/* End PBXVariantGroup section */

/* Begin XCBuildConfiguration section */
		04790A6D1CF84BE300691E3C /* Debug */ = {
			isa = XCBuildConfiguration;
			buildSettings = {
				ALWAYS_SEARCH_USER_PATHS = NO;
				CLANG_ANALYZER_NONNULL = YES;
				CLANG_CXX_LANGUAGE_STANDARD = "gnu++0x";
				CLANG_CXX_LIBRARY = "libc++";
				CLANG_ENABLE_MODULES = YES;
				CLANG_ENABLE_OBJC_ARC = YES;
				CLANG_WARN_BOOL_CONVERSION = YES;
				CLANG_WARN_CONSTANT_CONVERSION = YES;
				CLANG_WARN_DIRECT_OBJC_ISA_USAGE = YES_ERROR;
				CLANG_WARN_EMPTY_BODY = YES;
				CLANG_WARN_ENUM_CONVERSION = YES;
				CLANG_WARN_INT_CONVERSION = YES;
				CLANG_WARN_OBJC_ROOT_CLASS = YES_ERROR;
				CLANG_WARN_UNREACHABLE_CODE = YES;
				CLANG_WARN__DUPLICATE_METHOD_MATCH = YES;
				"CODE_SIGN_IDENTITY[sdk=iphoneos*]" = "iPhone Developer";
				COPY_PHASE_STRIP = NO;
				DEBUG_INFORMATION_FORMAT = dwarf;
				ENABLE_STRICT_OBJC_MSGSEND = YES;
				ENABLE_TESTABILITY = YES;
				GCC_C_LANGUAGE_STANDARD = gnu99;
				GCC_DYNAMIC_NO_PIC = NO;
				GCC_NO_COMMON_BLOCKS = YES;
				GCC_OPTIMIZATION_LEVEL = 0;
				GCC_PREPROCESSOR_DEFINITIONS = (
					"DEBUG=1",
					"$(inherited)",
				);
				GCC_WARN_64_TO_32_BIT_CONVERSION = YES;
				GCC_WARN_ABOUT_RETURN_TYPE = YES_ERROR;
				GCC_WARN_UNDECLARED_SELECTOR = YES;
				GCC_WARN_UNINITIALIZED_AUTOS = YES_AGGRESSIVE;
				GCC_WARN_UNUSED_FUNCTION = YES;
				GCC_WARN_UNUSED_VARIABLE = YES;
				IPHONEOS_DEPLOYMENT_TARGET = 9.3;
				MTL_ENABLE_DEBUG_INFO = YES;
				ONLY_ACTIVE_ARCH = YES;
				SDKROOT = iphoneos;
				SWIFT_OPTIMIZATION_LEVEL = "-Onone";
			};
			name = Debug;
		};
		04790A6E1CF84BE300691E3C /* Release */ = {
			isa = XCBuildConfiguration;
			buildSettings = {
				ALWAYS_SEARCH_USER_PATHS = NO;
				CLANG_ANALYZER_NONNULL = YES;
				CLANG_CXX_LANGUAGE_STANDARD = "gnu++0x";
				CLANG_CXX_LIBRARY = "libc++";
				CLANG_ENABLE_MODULES = YES;
				CLANG_ENABLE_OBJC_ARC = YES;
				CLANG_WARN_BOOL_CONVERSION = YES;
				CLANG_WARN_CONSTANT_CONVERSION = YES;
				CLANG_WARN_DIRECT_OBJC_ISA_USAGE = YES_ERROR;
				CLANG_WARN_EMPTY_BODY = YES;
				CLANG_WARN_ENUM_CONVERSION = YES;
				CLANG_WARN_INT_CONVERSION = YES;
				CLANG_WARN_OBJC_ROOT_CLASS = YES_ERROR;
				CLANG_WARN_UNREACHABLE_CODE = YES;
				CLANG_WARN__DUPLICATE_METHOD_MATCH = YES;
				"CODE_SIGN_IDENTITY[sdk=iphoneos*]" = "iPhone Developer";
				COPY_PHASE_STRIP = NO;
				DEBUG_INFORMATION_FORMAT = "dwarf-with-dsym";
				ENABLE_NS_ASSERTIONS = NO;
				ENABLE_STRICT_OBJC_MSGSEND = YES;
				GCC_C_LANGUAGE_STANDARD = gnu99;
				GCC_NO_COMMON_BLOCKS = YES;
				GCC_WARN_64_TO_32_BIT_CONVERSION = YES;
				GCC_WARN_ABOUT_RETURN_TYPE = YES_ERROR;
				GCC_WARN_UNDECLARED_SELECTOR = YES;
				GCC_WARN_UNINITIALIZED_AUTOS = YES_AGGRESSIVE;
				GCC_WARN_UNUSED_FUNCTION = YES;
				GCC_WARN_UNUSED_VARIABLE = YES;
				IPHONEOS_DEPLOYMENT_TARGET = 9.3;
				MTL_ENABLE_DEBUG_INFO = NO;
				SDKROOT = iphoneos;
				VALIDATE_PRODUCT = YES;
			};
			name = Release;
		};
		04790A701CF84BE300691E3C /* Debug */ = {
			isa = XCBuildConfiguration;
			buildSettings = {
				ASSETCATALOG_COMPILER_APPICON_NAME = AppIcon;
				INFOPLIST_FILE = SuperCool/Info.plist;
				LD_RUNPATH_SEARCH_PATHS = "$(inherited) @executable_path/Frameworks";
				PRODUCT_BUNDLE_IDENTIFIER = com.naubergois.SuperCool;
				PRODUCT_NAME = "$(TARGET_NAME)";
			};
			name = Debug;
		};
		04790A711CF84BE300691E3C /* Release */ = {
			isa = XCBuildConfiguration;
			buildSettings = {
				ASSETCATALOG_COMPILER_APPICON_NAME = AppIcon;
				INFOPLIST_FILE = SuperCool/Info.plist;
				LD_RUNPATH_SEARCH_PATHS = "$(inherited) @executable_path/Frameworks";
				PRODUCT_BUNDLE_IDENTIFIER = com.naubergois.SuperCool;
				PRODUCT_NAME = "$(TARGET_NAME)";
			};
			name = Release;
		};
		04790A731CF84BE300691E3C /* Debug */ = {
			isa = XCBuildConfiguration;
			buildSettings = {
				BUNDLE_LOADER = "$(TEST_HOST)";
				INFOPLIST_FILE = SuperCoolTests/Info.plist;
				LD_RUNPATH_SEARCH_PATHS = "$(inherited) @executable_path/Frameworks @loader_path/Frameworks";
				PRODUCT_BUNDLE_IDENTIFIER = com.naubergois.SuperCoolTests;
				PRODUCT_NAME = "$(TARGET_NAME)";
				TEST_HOST = "$(BUILT_PRODUCTS_DIR)/SuperCool.app/SuperCool";
			};
			name = Debug;
		};
		04790A741CF84BE300691E3C /* Release */ = {
			isa = XCBuildConfiguration;
			buildSettings = {
				BUNDLE_LOADER = "$(TEST_HOST)";
				INFOPLIST_FILE = SuperCoolTests/Info.plist;
				LD_RUNPATH_SEARCH_PATHS = "$(inherited) @executable_path/Frameworks @loader_path/Frameworks";
				PRODUCT_BUNDLE_IDENTIFIER = com.naubergois.SuperCoolTests;
				PRODUCT_NAME = "$(TARGET_NAME)";
				TEST_HOST = "$(BUILT_PRODUCTS_DIR)/SuperCool.app/SuperCool";
			};
			name = Release;
		};
		04790A761CF84BE300691E3C /* Debug */ = {
			isa = XCBuildConfiguration;
			buildSettings = {
				INFOPLIST_FILE = SuperCoolUITests/Info.plist;
				LD_RUNPATH_SEARCH_PATHS = "$(inherited) @executable_path/Frameworks @loader_path/Frameworks";
				PRODUCT_BUNDLE_IDENTIFIER = com.naubergois.SuperCoolUITests;
				PRODUCT_NAME = "$(TARGET_NAME)";
				TEST_TARGET_NAME = SuperCool;
			};
			name = Debug;
		};
		04790A771CF84BE300691E3C /* Release */ = {
			isa = XCBuildConfiguration;
			buildSettings = {
				INFOPLIST_FILE = SuperCoolUITests/Info.plist;
				LD_RUNPATH_SEARCH_PATHS = "$(inherited) @executable_path/Frameworks @loader_path/Frameworks";
				PRODUCT_BUNDLE_IDENTIFIER = com.naubergois.SuperCoolUITests;
				PRODUCT_NAME = "$(TARGET_NAME)";
				TEST_TARGET_NAME = SuperCool;
			};
			name = Release;
		};
/* End XCBuildConfiguration section */

/* Begin XCConfigurationList section */
		04790A421CF84BE300691E3C /* Build configuration list for PBXProject "SuperCool" */ = {
			isa = XCConfigurationList;
			buildConfigurations = (
				04790A6D1CF84BE300691E3C /* Debug */,
				04790A6E1CF84BE300691E3C /* Release */,
			);
			defaultConfigurationIsVisible = 0;
			defaultConfigurationName = Release;
		};
		04790A6F1CF84BE300691E3C /* Build configuration list for PBXNativeTarget "SuperCool" */ = {
			isa = XCConfigurationList;
			buildConfigurations = (
				04790A701CF84BE300691E3C /* Debug */,
				04790A711CF84BE300691E3C /* Release */,
			);
			defaultConfigurationIsVisible = 0;
		};
		04790A721CF84BE300691E3C /* Build configuration list for PBXNativeTarget "SuperCoolTests" */ = {
			isa = XCConfigurationList;
			buildConfigurations = (
				04790A731CF84BE300691E3C /* Debug */,
				04790A741CF84BE300691E3C /* Release */,
			);
			defaultConfigurationIsVisible = 0;
		};
		04790A751CF84BE300691E3C /* Build configuration list for PBXNativeTarget "SuperCoolUITests" */ = {
			isa = XCConfigurationList;
			buildConfigurations = (
				04790A761CF84BE300691E3C /* Debug */,
				04790A771CF84BE300691E3C /* Release */,
			);
			defaultConfigurationIsVisible = 0;
		};
/* End XCConfigurationList section */
	};
	rootObject = 04790A3F1CF84BE300691E3C /* Project object */;
}
